{
  "name": "track-commits-to-issue",
  "version": "1.0.0",
  "lockfileVersion": 2,
  "requires": true,
  "packages": {
    "": {
      "version": "1.0.0",
      "license": "MIT",
      "devDependencies": {
        "@actions/core": "^1.2.6",
        "dayjs": "^1.10.4",
        "esbuild": "^0.9.6",
        "github-api": "^3.4.0",
        "sha256": "^0.2.0"
      }
    },
    "node_modules/@actions/core": {
      "version": "1.2.6",
      "resolved": "https://registry.npmjs.org/@actions/core/-/core-1.2.6.tgz",
      "integrity": "sha512-ZQYitnqiyBc3D+k7LsgSBmMDVkOVidaagDG7j3fOym77jNunWRuYx7VSHa9GNfFZh+zh61xsCjRj4JxMZlDqTA==",
      "dev": true
    },
    "node_modules/axios": {
      "version": "0.21.1",
      "resolved": "https://registry.npmjs.org/axios/-/axios-0.21.1.tgz",
      "integrity": "sha512-dKQiRHxGD9PPRIUNIWvZhPTPpl1rf/OxTYKsqKUDjBwYylTvV7SjSHJb9ratfyzM6wCdLCOYLzs73qpg5c4iGA==",
      "dev": true,
      "dependencies": {
        "follow-redirects": "^1.10.0"
      }
    },
    "node_modules/convert-hex": {
      "version": "0.1.0",
      "resolved": "https://registry.npmjs.org/convert-hex/-/convert-hex-0.1.0.tgz",
      "integrity": "sha1-CMBFaJIsJ3drii6BqV05M2LqC2U=",
      "dev": true
    },
    "node_modules/convert-string": {
      "version": "0.1.0",
      "resolved": "https://registry.npmjs.org/convert-string/-/convert-string-0.1.0.tgz",
      "integrity": "sha1-ec5BqbsNA7z3LNxqjzxW+7xkQQo=",
      "dev": true
    },
    "node_modules/dayjs": {
      "version": "1.10.4",
      "resolved": "https://registry.npmjs.org/dayjs/-/dayjs-1.10.4.tgz",
      "integrity": "sha512-RI/Hh4kqRc1UKLOAf/T5zdMMX5DQIlDxwUe3wSyMMnEbGunnpENCdbUgM+dW7kXidZqCttBrmw7BhN4TMddkCw==",
      "dev": true
    },
    "node_modules/debug": {
      "version": "2.6.9",
      "resolved": "https://registry.npmjs.org/debug/-/debug-2.6.9.tgz",
      "integrity": "sha512-bC7ElrdJaJnPbAP+1EotYvqZsb3ecl5wi6Bfi6BJTUcNowp6cvspg0jXznRTKDjm/E7AdgFBVeAPVMNcKGsHMA==",
      "dev": true,
      "dependencies": {
        "ms": "2.0.0"
      }
    },
    "node_modules/esbuild": {
      "version": "0.9.6",
      "resolved": "https://registry.npmjs.org/esbuild/-/esbuild-0.9.6.tgz",
      "integrity": "sha512-F6vASxU0wT/Davt9aj2qtDwDNSkQxh9VbyO56M7PDWD+D/Vgq/rmUDGDQo7te76W5auauVojjnQr/wTu3vpaUA==",
      "dev": true,
      "hasInstallScript": true,
      "bin": {
        "esbuild": "bin/esbuild"
      }
    },
    "node_modules/follow-redirects": {
      "version": "1.13.3",
      "resolved": "https://registry.npmjs.org/follow-redirects/-/follow-redirects-1.13.3.tgz",
      "integrity": "sha512-DUgl6+HDzB0iEptNQEXLx/KhTmDb8tZUHSeLqpnjpknR70H0nC2t9N73BK6fN4hOvJ84pKlIQVQ4k5FFlBedKA==",
      "dev": true,
      "funding": [
        {
          "type": "individual",
          "url": "https://github.com/sponsors/RubenVerborgh"
        }
      ],
      "engines": {
        "node": ">=4.0"
      },
      "peerDependenciesMeta": {
        "debug": {
          "optional": true
        }
      }
    },
    "node_modules/github-api": {
      "version": "3.4.0",
      "resolved": "https://registry.npmjs.org/github-api/-/github-api-3.4.0.tgz",
      "integrity": "sha512-2yYqYS6Uy4br1nw0D3VrlYWxtGTkUhIZrumBrcBwKdBOzMT8roAe8IvI6kjIOkxqxapKR5GkEsHtz3Du/voOpA==",
      "dev": true,
      "dependencies": {
        "axios": "^0.21.1",
        "debug": "^2.2.0",
        "js-base64": "^2.1.9",
        "utf8": "^2.1.1"
      }
    },
    "node_modules/js-base64": {
      "version": "2.6.4",
      "resolved": "https://registry.npmjs.org/js-base64/-/js-base64-2.6.4.tgz",
      "integrity": "sha512-pZe//GGmwJndub7ZghVHz7vjb2LgC1m8B07Au3eYqeqv9emhESByMXxaEgkUkEqJe87oBbSniGYoQNIBklc7IQ==",
      "dev": true
    },
    "node_modules/ms": {
      "version": "2.0.0",
      "resolved": "https://registry.npmjs.org/ms/-/ms-2.0.0.tgz",
      "integrity": "sha1-VgiurfwAvmwpAd9fmGF4jeDVl8g=",
      "dev": true
    },
    "node_modules/sha256": {
      "version": "0.2.0",
      "resolved": "https://registry.npmjs.org/sha256/-/sha256-0.2.0.tgz",
      "integrity": "sha1-c6C0GNqrcDW/+G6EkeNjQS/CqwU=",
      "dev": true,
      "dependencies": {
        "convert-hex": "~0.1.0",
        "convert-string": "~0.1.0"
      }
    },
    "node_modules/utf8": {
      "version": "2.1.2",
      "resolved": "https://registry.npmjs.org/utf8/-/utf8-2.1.2.tgz",
      "integrity": "sha1-H6DZJw6b6FDZsFAn9jUZv0ZFfZY=",
      "dev": true
    }
  },
  "dependencies": {
    "@actions/core": {
      "version": "1.2.6",
      "resolved": "https://registry.npmjs.org/@actions/core/-/core-1.2.6.tgz",
      "integrity": "sha512-ZQYitnqiyBc3D+k7LsgSBmMDVkOVidaagDG7j3fOym77jNunWRuYx7VSHa9GNfFZh+zh61xsCjRj4JxMZlDqTA==",
      "dev": true
    },
    "axios": {
      "version": "0.21.1",
      "resolved": "https://registry.npmjs.org/axios/-/axios-0.21.1.tgz",
      "integrity": "sha512-dKQiRHxGD9PPRIUNIWvZhPTPpl1rf/OxTYKsqKUDjBwYylTvV7SjSHJb9ratfyzM6wCdLCOYLzs73qpg5c4iGA==",
      "dev": true,
      "requires": {
        "follow-redirects": "^1.10.0"
      }
    },
    "convert-hex": {
      "version": "0.1.0",
      "resolved": "https://registry.npmjs.org/convert-hex/-/convert-hex-0.1.0.tgz",
      "integrity": "sha1-CMBFaJIsJ3drii6BqV05M2LqC2U=",
      "dev": true
    },
    "convert-string": {
      "version": "0.1.0",
      "resolved": "https://registry.npmjs.org/convert-string/-/convert-string-0.1.0.tgz",
      "integrity": "sha1-ec5BqbsNA7z3LNxqjzxW+7xkQQo=",
      "dev": true
    },
    "dayjs": {
      "version": "1.10.4",
      "resolved": "https://registry.npmjs.org/dayjs/-/dayjs-1.10.4.tgz",
      "integrity": "sha512-RI/Hh4kqRc1UKLOAf/T5zdMMX5DQIlDxwUe3wSyMMnEbGunnpENCdbUgM+dW7kXidZqCttBrmw7BhN4TMddkCw==",
      "dev": true
    },
    "debug": {
      "version": "2.6.9",
      "resolved": "https://registry.npmjs.org/debug/-/debug-2.6.9.tgz",
      "integrity": "sha512-bC7ElrdJaJnPbAP+1EotYvqZsb3ecl5wi6Bfi6BJTUcNowp6cvspg0jXznRTKDjm/E7AdgFBVeAPVMNcKGsHMA==",
      "dev": true,
      "requires": {
        "ms": "2.0.0"
      }
    },
    "esbuild": {
      "version": "0.9.6",
      "resolved": "https://registry.npmjs.org/esbuild/-/esbuild-0.9.6.tgz",
      "integrity": "sha512-F6vASxU0wT/Davt9aj2qtDwDNSkQxh9VbyO56M7PDWD+D/Vgq/rmUDGDQo7te76W5auauVojjnQr/wTu3vpaUA==",
      "dev": true
    },
    "follow-redirects": {
      "version": "1.13.3",
      "resolved": "https://registry.npmjs.org/follow-redirects/-/follow-redirects-1.13.3.tgz",
      "integrity": "sha512-DUgl6+HDzB0iEptNQEXLx/KhTmDb8tZUHSeLqpnjpknR70H0nC2t9N73BK6fN4hOvJ84pKlIQVQ4k5FFlBedKA==",
      "dev": true
    },
    "github-api": {
      "version": "3.4.0",
      "resolved": "https://registry.npmjs.org/github-api/-/github-api-3.4.0.tgz",
      "integrity": "sha512-2yYqYS6Uy4br1nw0D3VrlYWxtGTkUhIZrumBrcBwKdBOzMT8roAe8IvI6kjIOkxqxapKR5GkEsHtz3Du/voOpA==",
      "dev": true,
      "requires": {
        "axios": "^0.21.1",
        "debug": "^2.2.0",
        "js-base64": "^2.1.9",
        "utf8": "^2.1.1"
      }
    },
    "js-base64": {
      "version": "2.6.4",
      "resolved": "https://registry.npmjs.org/js-base64/-/js-base64-2.6.4.tgz",
      "integrity": "sha512-pZe//GGmwJndub7ZghVHz7vjb2LgC1m8B07Au3eYqeqv9emhESByMXxaEgkUkEqJe87oBbSniGYoQNIBklc7IQ==",
      "dev": true
    },
    "ms": {
      "version": "2.0.0",
      "resolved": "https://registry.npmjs.org/ms/-/ms-2.0.0.tgz",
      "integrity": "sha1-VgiurfwAvmwpAd9fmGF4jeDVl8g=",
      "dev": true
    },
    "sha256": {
      "version": "0.2.0",
      "resolved": "https://registry.npmjs.org/sha256/-/sha256-0.2.0.tgz",
      "integrity": "sha1-c6C0GNqrcDW/+G6EkeNjQS/CqwU=",
      "dev": true,
      "requires": {
        "convert-hex": "~0.1.0",
        "convert-string": "~0.1.0"
      }
    },
    "utf8": {
      "version": "2.1.2",
      "resolved": "https://registry.npmjs.org/utf8/-/utf8-2.1.2.tgz",
      "integrity": "sha1-H6DZJw6b6FDZsFAn9jUZv0ZFfZY=",
      "dev": true
    }
  }
}
